// !$*UTF8*$!
{
	archiveVersion = 1;
	classes = {
	};
	objectVersion = 46;
	objects = {

/* Begin PBXBuildFile section */
		841712CC2091E46A00B02D54 /* stp_synthetic_reverb_pd.c in Sources */ = {isa = PBXBuildFile; fileRef = 841712CB2091E46A00B02D54 /* stp_synthetic_reverb_pd.c */; };
		844237661FB4A69E005ACA50 /* m_pd.h in Headers */ = {isa = PBXBuildFile; fileRef = 844237651FB4A69D005ACA50 /* m_pd.h */; };
		84AEDB7920C2A91900256DE2 /* stp_synthetic_reverb.c in Sources */ = {isa = PBXBuildFile; fileRef = 84AEDB7720C2A91900256DE2 /* stp_synthetic_reverb.c */; };
		84AEDB7A20C2A91900256DE2 /* stp_synthetic_reverb.h in Headers */ = {isa = PBXBuildFile; fileRef = 84AEDB7820C2A91900256DE2 /* stp_synthetic_reverb.h */; };
		BE15362021009A8700909512 /* stp_low_pass.h in Headers */ = {isa = PBXBuildFile; fileRef = BE15361E21009A8700909512 /* stp_low_pass.h */; };
		BE15362121009A8700909512 /* stp_low_pass.c in Sources */ = {isa = PBXBuildFile; fileRef = BE15361F21009A8700909512 /* stp_low_pass.c */; };
		BEA57D9E20C95F1600E28ACF /* stp_delay.h in Headers */ = {isa = PBXBuildFile; fileRef = BEA57D9C20C95F1600E28ACF /* stp_delay.h */; };
		BEA57D9F20C95F1600E28ACF /* stp_delay.c in Sources */ = {isa = PBXBuildFile; fileRef = BEA57D9D20C95F1600E28ACF /* stp_delay.c */; };
		BEA57DA220C95F4100E28ACF /* stp_comb_filter.h in Headers */ = {isa = PBXBuildFile; fileRef = BEA57DA020C95F4100E28ACF /* stp_comb_filter.h */; };
		BEA57DA320C95F4100E28ACF /* stp_comb_filter.c in Sources */ = {isa = PBXBuildFile; fileRef = BEA57DA120C95F4100E28ACF /* stp_comb_filter.c */; };
		BEA57DA620C95F6E00E28ACF /* stp_all_pass_filter.h in Headers */ = {isa = PBXBuildFile; fileRef = BEA57DA420C95F6E00E28ACF /* stp_all_pass_filter.h */; };
		BEA57DA720C95F6E00E28ACF /* stp_all_pass_filter.c in Sources */ = {isa = PBXBuildFile; fileRef = BEA57DA520C95F6E00E28ACF /* stp_all_pass_filter.c */; };
/* End PBXBuildFile section */

/* Begin PBXFileReference section */
		841712CB2091E46A00B02D54 /* stp_synthetic_reverb_pd.c */ = {isa = PBXFileReference; fileEncoding = 4; lastKnownFileType = sourcecode.c.c; path = stp_synthetic_reverb_pd.c; sourceTree = "<group>"; };
		844237651FB4A69D005ACA50 /* m_pd.h */ = {isa = PBXFileReference; fileEncoding = 4; lastKnownFileType = sourcecode.c.h; path = m_pd.h; sourceTree = "<group>"; };
		84AEDB7720C2A91900256DE2 /* stp_synthetic_reverb.c */ = {isa = PBXFileReference; lastKnownFileType = sourcecode.c.c; path = stp_synthetic_reverb.c; sourceTree = "<group>"; };
		84AEDB7820C2A91900256DE2 /* stp_synthetic_reverb.h */ = {isa = PBXFileReference; lastKnownFileType = sourcecode.c.h; path = stp_synthetic_reverb.h; sourceTree = "<group>"; };
		84AEDB7B20C2ADC100256DE2 /* stp_defines.h */ = {isa = PBXFileReference; lastKnownFileType = sourcecode.c.h; path = stp_defines.h; sourceTree = "<group>"; };
		BE15361E21009A8700909512 /* stp_low_pass.h */ = {isa = PBXFileReference; lastKnownFileType = sourcecode.c.h; path = stp_low_pass.h; sourceTree = "<group>"; };
		BE15361F21009A8700909512 /* stp_low_pass.c */ = {isa = PBXFileReference; lastKnownFileType = sourcecode.c.c; path = stp_low_pass.c; sourceTree = "<group>"; };
		BEA57D9C20C95F1600E28ACF /* stp_delay.h */ = {isa = PBXFileReference; lastKnownFileType = sourcecode.c.h; path = stp_delay.h; sourceTree = "<group>"; };
		BEA57D9D20C95F1600E28ACF /* stp_delay.c */ = {isa = PBXFileReference; lastKnownFileType = sourcecode.c.c; path = stp_delay.c; sourceTree = "<group>"; };
		BEA57DA020C95F4100E28ACF /* stp_comb_filter.h */ = {isa = PBXFileReference; lastKnownFileType = sourcecode.c.h; path = stp_comb_filter.h; sourceTree = "<group>"; };
		BEA57DA120C95F4100E28ACF /* stp_comb_filter.c */ = {isa = PBXFileReference; lastKnownFileType = sourcecode.c.c; path = stp_comb_filter.c; sourceTree = "<group>"; };
		BEA57DA420C95F6E00E28ACF /* stp_all_pass_filter.h */ = {isa = PBXFileReference; lastKnownFileType = sourcecode.c.h; path = stp_all_pass_filter.h; sourceTree = "<group>"; };
		BEA57DA520C95F6E00E28ACF /* stp_all_pass_filter.c */ = {isa = PBXFileReference; lastKnownFileType = sourcecode.c.c; path = stp_all_pass_filter.c; sourceTree = "<group>"; };
		FA2927EC1A899B4C005A2BA9 /* stp_synthetic_reverb~.pd_darwin */ = {isa = PBXFileReference; explicitFileType = "compiled.mach-o.dylib"; includeInIndex = 0; path = "stp_synthetic_reverb~.pd_darwin"; sourceTree = BUILT_PRODUCTS_DIR; };
/* End PBXFileReference section */

/* Begin PBXFrameworksBuildPhase section */
		FA2927E91A899B4C005A2BA9 /* Frameworks */ = {
			isa = PBXFrameworksBuildPhase;
			buildActionMask = 2147483647;
			files = (
			);
			runOnlyForDeploymentPostprocessing = 0;
		};
/* End PBXFrameworksBuildPhase section */

/* Begin PBXGroup section */
		844237731FB4A6E1005ACA50 /* Frameworks */ = {
			isa = PBXGroup;
			children = (
			);
			name = Frameworks;
			sourceTree = "<group>";
		};
		FA2927E31A899B4C005A2BA9 = {
			isa = PBXGroup;
			children = (
				BE15361E21009A8700909512 /* stp_low_pass.h */,
				BE15361F21009A8700909512 /* stp_low_pass.c */,
				BEA57DA420C95F6E00E28ACF /* stp_all_pass_filter.h */,
				BEA57DA520C95F6E00E28ACF /* stp_all_pass_filter.c */,
				BEA57DA020C95F4100E28ACF /* stp_comb_filter.h */,
				BEA57DA120C95F4100E28ACF /* stp_comb_filter.c */,
				BEA57D9C20C95F1600E28ACF /* stp_delay.h */,
				BEA57D9D20C95F1600E28ACF /* stp_delay.c */,
				84AEDB7B20C2ADC100256DE2 /* stp_defines.h */,
				84AEDB7820C2A91900256DE2 /* stp_synthetic_reverb.h */,
				84AEDB7720C2A91900256DE2 /* stp_synthetic_reverb.c */,
				841712CB2091E46A00B02D54 /* stp_synthetic_reverb_pd.c */,
				844237651FB4A69D005ACA50 /* m_pd.h */,
				FA2927ED1A899B4C005A2BA9 /* Products */,
				844237731FB4A6E1005ACA50 /* Frameworks */,
			);
			sourceTree = "<group>";
		};
		FA2927ED1A899B4C005A2BA9 /* Products */ = {
			isa = PBXGroup;
			children = (
				FA2927EC1A899B4C005A2BA9 /* stp_synthetic_reverb~.pd_darwin */,
			);
			name = Products;
			sourceTree = "<group>";
		};
/* End PBXGroup section */

/* Begin PBXHeadersBuildPhase section */
		FA2927EA1A899B4C005A2BA9 /* Headers */ = {
			isa = PBXHeadersBuildPhase;
			buildActionMask = 2147483647;
			files = (
				BE15362021009A8700909512 /* stp_low_pass.h in Headers */,
				BEA57D9E20C95F1600E28ACF /* stp_delay.h in Headers */,
				844237661FB4A69E005ACA50 /* m_pd.h in Headers */,
				BEA57DA620C95F6E00E28ACF /* stp_all_pass_filter.h in Headers */,
				84AEDB7A20C2A91900256DE2 /* stp_synthetic_reverb.h in Headers */,
				BEA57DA220C95F4100E28ACF /* stp_comb_filter.h in Headers */,
			);
			runOnlyForDeploymentPostprocessing = 0;
		};
/* End PBXHeadersBuildPhase section */

/* Begin PBXNativeTarget section */
		FA2927EB1A899B4C005A2BA9 /* stp_synthetic_reverb~ */ = {
			isa = PBXNativeTarget;
			buildConfigurationList = FA2927F01A899B4C005A2BA9 /* Build configuration list for PBXNativeTarget "stp_synthetic_reverb~" */;
			buildPhases = (
				FA2927E81A899B4C005A2BA9 /* Sources */,
				FA2927E91A899B4C005A2BA9 /* Frameworks */,
				FA2927EA1A899B4C005A2BA9 /* Headers */,
			);
			buildRules = (
			);
			dependencies = (
			);
			name = "stp_synthetic_reverb~";
			productName = "HelloWorld-pd-external";
			productReference = FA2927EC1A899B4C005A2BA9 /* stp_synthetic_reverb~.pd_darwin */;
			productType = "com.apple.product-type.library.dynamic";
		};
/* End PBXNativeTarget section */

/* Begin PBXProject section */
		FA2927E41A899B4C005A2BA9 /* Project object */ = {
			isa = PBXProject;
			attributes = {
				LastUpgradeCheck = 0610;
				ORGANIZATIONNAME = "Intrinsic Audio";
				TargetAttributes = {
					FA2927EB1A899B4C005A2BA9 = {
						CreatedOnToolsVersion = 6.1.1;
					};
				};
			};
			buildConfigurationList = FA2927E71A899B4C005A2BA9 /* Build configuration list for PBXProject "stp_synthetic_reverb~" */;
			compatibilityVersion = "Xcode 3.2";
			developmentRegion = English;
			hasScannedForEncodings = 0;
			knownRegions = (
				en,
			);
			mainGroup = FA2927E31A899B4C005A2BA9;
			productRefGroup = FA2927ED1A899B4C005A2BA9 /* Products */;
			projectDirPath = "";
			projectRoot = "";
			targets = (
				FA2927EB1A899B4C005A2BA9 /* stp_synthetic_reverb~ */,
			);
		};
/* End PBXProject section */

/* Begin PBXSourcesBuildPhase section */
		FA2927E81A899B4C005A2BA9 /* Sources */ = {
			isa = PBXSourcesBuildPhase;
			buildActionMask = 2147483647;
			files = (
				BEA57D9F20C95F1600E28ACF /* stp_delay.c in Sources */,
				84AEDB7920C2A91900256DE2 /* stp_synthetic_reverb.c in Sources */,
				BEA57DA720C95F6E00E28ACF /* stp_all_pass_filter.c in Sources */,
				BEA57DA320C95F4100E28ACF /* stp_comb_filter.c in Sources */,
				841712CC2091E46A00B02D54 /* stp_synthetic_reverb_pd.c in Sources */,
				BE15362121009A8700909512 /* stp_low_pass.c in Sources */,
			);
			runOnlyForDeploymentPostprocessing = 0;
		};
/* End PBXSourcesBuildPhase section */

/* Begin XCBuildConfiguration section */
		FA2927EE1A899B4C005A2BA9 /* Debug */ = {
			isa = XCBuildConfiguration;
			buildSettings = {
				ALWAYS_SEARCH_USER_PATHS = NO;
				CLANG_CXX_LANGUAGE_STANDARD = "gnu++0x";
				CLANG_CXX_LIBRARY = "libc++";
				CLANG_ENABLE_MODULES = YES;
				CLANG_ENABLE_OBJC_ARC = YES;
				CLANG_WARN_BOOL_CONVERSION = YES;
				CLANG_WARN_CONSTANT_CONVERSION = YES;
				CLANG_WARN_DIRECT_OBJC_ISA_USAGE = YES_ERROR;
				CLANG_WARN_EMPTY_BODY = YES;
				CLANG_WARN_ENUM_CONVERSION = YES;
				CLANG_WARN_INT_CONVERSION = YES;
				CLANG_WARN_OBJC_ROOT_CLASS = YES_ERROR;
				CLANG_WARN_UNREACHABLE_CODE = YES;
				CLANG_WARN__DUPLICATE_METHOD_MATCH = YES;
				COPY_PHASE_STRIP = NO;
				DEPLOYMENT_LOCATION = YES;
				DSTROOT = "";
				ENABLE_STRICT_OBJC_MSGSEND = YES;
				GCC_C_LANGUAGE_STANDARD = gnu99;
				GCC_DYNAMIC_NO_PIC = NO;
				GCC_OPTIMIZATION_LEVEL = 0;
				GCC_PREPROCESSOR_DEFINITIONS = (
					"DEBUG=1",
					"$(inherited)",
				);
				GCC_SYMBOLS_PRIVATE_EXTERN = NO;
				GCC_WARN_64_TO_32_BIT_CONVERSION = YES;
				GCC_WARN_ABOUT_RETURN_TYPE = YES_ERROR;
				GCC_WARN_UNDECLARED_SELECTOR = YES;
				GCC_WARN_UNINITIALIZED_AUTOS = YES_AGGRESSIVE;
				GCC_WARN_UNUSED_FUNCTION = YES;
				GCC_WARN_UNUSED_VARIABLE = YES;
				INSTALL_PATH = "/Applications/Pd-0.48-1.app/Contents/Resources/extra";
				MACOSX_DEPLOYMENT_TARGET = 10.10;
				MTL_ENABLE_DEBUG_INFO = YES;
				ONLY_ACTIVE_ARCH = YES;
				SDKROOT = macosx;
			};
			name = Debug;
		};
		FA2927EF1A899B4C005A2BA9 /* Release */ = {
			isa = XCBuildConfiguration;
			buildSettings = {
				ALWAYS_SEARCH_USER_PATHS = NO;
				CLANG_CXX_LANGUAGE_STANDARD = "gnu++0x";
				CLANG_CXX_LIBRARY = "libc++";
				CLANG_ENABLE_MODULES = YES;
				CLANG_ENABLE_OBJC_ARC = YES;
				CLANG_WARN_BOOL_CONVERSION = YES;
				CLANG_WARN_CONSTANT_CONVERSION = YES;
				CLANG_WARN_DIRECT_OBJC_ISA_USAGE = YES_ERROR;
				CLANG_WARN_EMPTY_BODY = YES;
				CLANG_WARN_ENUM_CONVERSION = YES;
				CLANG_WARN_INT_CONVERSION = YES;
				CLANG_WARN_OBJC_ROOT_CLASS = YES_ERROR;
				CLANG_WARN_UNREACHABLE_CODE = YES;
				CLANG_WARN__DUPLICATE_METHOD_MATCH = YES;
				COPY_PHASE_STRIP = YES;
				DEBUG_INFORMATION_FORMAT = "dwarf-with-dsym";
				DEPLOYMENT_LOCATION = YES;
				DSTROOT = "";
				ENABLE_NS_ASSERTIONS = NO;
				ENABLE_STRICT_OBJC_MSGSEND = YES;
				GCC_C_LANGUAGE_STANDARD = gnu99;
				GCC_WARN_64_TO_32_BIT_CONVERSION = YES;
				GCC_WARN_ABOUT_RETURN_TYPE = YES_ERROR;
				GCC_WARN_UNDECLARED_SELECTOR = YES;
				GCC_WARN_UNINITIALIZED_AUTOS = YES_AGGRESSIVE;
				GCC_WARN_UNUSED_FUNCTION = YES;
				GCC_WARN_UNUSED_VARIABLE = YES;
				INSTALL_PATH = "/Applications/Pd-0.48-1.app/Contents/Resources/extra";
				MACOSX_DEPLOYMENT_TARGET = 10.10;
				MTL_ENABLE_DEBUG_INFO = NO;
				SDKROOT = macosx;
			};
			name = Release;
		};
		FA2927F11A899B4C005A2BA9 /* Debug */ = {
			isa = XCBuildConfiguration;
			buildSettings = {
				ARCHS = "$(ARCHS_STANDARD_64_BIT)";
				CLANG_OPTIMIZATION_PROFILE_FILE = "";
				DYLIB_COMPATIBILITY_VERSION = 1;
				DYLIB_CURRENT_VERSION = 1;
				EXECUTABLE_EXTENSION = pd_darwin;
				EXECUTABLE_PREFIX = "";
				GCC_OPTIMIZATION_LEVEL = 0;
				GCC_PREPROCESSOR_DEFINITIONS = (
					PUREDATA,
					VAS_OUTPUTVECTOR_USE_FLOAT,
					VAS_INPUTVECTOR_USE_FLOAT,
				);
				INSTALL_PATH = "/Applications/Pd-0.48-1.app/Contents/Resources/extra";
				LIBRARY_SEARCH_PATHS = "";
				ONLY_ACTIVE_ARCH = NO;
				OTHER_LDFLAGS = (
					"-undefined",
					dynamic_lookup,
				);
				PRODUCT_NAME = "stp_synthetic_reverb~";
				SDKROOT = macosx;
				USER_HEADER_SEARCH_PATHS = "";
				VALID_ARCHS = "i386 x86_64";
			};
			name = Debug;
		};
		FA2927F21A899B4C005A2BA9 /* Release */ = {
			isa = XCBuildConfiguration;
			buildSettings = {
				ARCHS = "$(ARCHS_STANDARD_64_BIT)";
				CLANG_OPTIMIZATION_PROFILE_FILE = "";
				DYLIB_COMPATIBILITY_VERSION = 1;
				DYLIB_CURRENT_VERSION = 1;
				EXECUTABLE_EXTENSION = pd_darwin;
				EXECUTABLE_PREFIX = "";
				GCC_OPTIMIZATION_LEVEL = fast;
				GCC_PREPROCESSOR_DEFINITIONS = (
					PUREDATA,
					VAS_OUTPUTVECTOR_USE_FLOAT,
					VAS_INPUTVECTOR_USE_FLOAT,
				);
				INSTALL_PATH = "/Applications/Pd-0.48-1.app/Contents/Resources/extra";
				LIBRARY_SEARCH_PATHS = "";
				ONLY_ACTIVE_ARCH = NO;
				OTHER_LDFLAGS = (
					"-undefined",
					dynamic_lookup,
				);
				PRODUCT_NAME = "stp_synthetic_reverb~";
				SDKROOT = macosx;
				USER_HEADER_SEARCH_PATHS = "";
				VALID_ARCHS = "i386 x86_64";
			};
			name = Release;
		};
/* End XCBuildConfiguration section */

/* Begin XCConfigurationList section */
		FA2927E71A899B4C005A2BA9 /* Build configuration list for PBXProject "stp_synthetic_reverb~" */ = {
			isa = XCConfigurationList;
			buildConfigurations = (
				FA2927EE1A899B4C005A2BA9 /* Debug */,
				FA2927EF1A899B4C005A2BA9 /* Release */,
			);
			defaultConfigurationIsVisible = 0;
			defaultConfigurationName = Release;
		};
		FA2927F01A899B4C005A2BA9 /* Build configuration list for PBXNativeTarget "stp_synthetic_reverb~" */ = {
			isa = XCConfigurationList;
			buildConfigurations = (
				FA2927F11A899B4C005A2BA9 /* Debug */,
				FA2927F21A899B4C005A2BA9 /* Release */,
			);
			defaultConfigurationIsVisible = 0;
			defaultConfigurationName = Release;
		};
/* End XCConfigurationList section */
	};
	rootObject = FA2927E41A899B4C005A2BA9 /* Project object */;
}
